
Microsoft Visual Studio Solution File, Format Version 12.00
# Visual Studio Version 16
VisualStudioVersion = 16.0.31515.178
MinimumVisualStudioVersion = 10.0.40219.1
Project("{FAE04EC0-301F-11D3-BF4B-00C04F79EFBC}") = "GourmetSearchApplication", "GourmetSearchApplication\GourmetSearchApplication.csproj", "{EBA09F0B-D50D-419B-A31E-F97FEF7F85A5}"
EndProject
Global
	GlobalSection(SolutionConfigurationPlatforms) = preSolution
		Debug|Any CPU = Debug|Any CPU
		Release|Any CPU = Release|Any CPU
	EndGlobalSection
	GlobalSection(ProjectConfigurationPlatforms) = postSolution
		{EBA09F0B-D50D-419B-A31E-F97FEF7F85A5}.Debug|Any CPU.ActiveCfg = Debug|Any CPU
		{EBA09F0B-D50D-419B-A31E-F97FEF7F85A5}.Debug|Any CPU.Build.0 = Debug|Any CPU
		{EBA09F0B-D50D-419B-A31E-F97FEF7F85A5}.Release|Any CPU.ActiveCfg = Release|Any CPU
		{EBA09F0B-D50D-419B-A31E-F97FEF7F85A5}.Release|Any CPU.Build.0 = Release|Any CPU
	EndGlobalSection
	GlobalSection(SolutionProperties) = preSolution
		HideSolutionNode = FALSE
	EndGlobalSection
	GlobalSection(ExtensibilityGlobals) = postSolution
		SolutionGuid = {3E45BBE4-70C6-4519-BF7E-DF813674704E}
	EndGlobalSection
EndGlobal
